
Microsoft Visual Studio Solution File, Format Version 12.00
# Visual Studio Version 17
VisualStudioVersion = 17.11.35312.102
MinimumVisualStudioVersion = 10.0.40219.1
Project("{FAE04EC0-301F-11D3-BF4B-00C04F79EFBC}") = "MasterPol", "MasterPol\MasterPol.csproj", "{8286521D-38BF-4286-801A-E9DBBD4B9691}"
EndProject
Global
	GlobalSection(SolutionConfigurationPlatforms) = preSolution
		Debug|Any CPU = Debug|Any CPU
		Release|Any CPU = Release|Any CPU
	EndGlobalSection
	GlobalSection(ProjectConfigurationPlatforms) = postSolution
		{8286521D-38BF-4286-801A-E9DBBD4B9691}.Debug|Any CPU.ActiveCfg = Debug|Any CPU
		{8286521D-38BF-4286-801A-E9DBBD4B9691}.Debug|Any CPU.Build.0 = Debug|Any CPU
		{8286521D-38BF-4286-801A-E9DBBD4B9691}.Release|Any CPU.ActiveCfg = Release|Any CPU
		{8286521D-38BF-4286-801A-E9DBBD4B9691}.Release|Any CPU.Build.0 = Release|Any CPU
	EndGlobalSection
	GlobalSection(SolutionProperties) = preSolution
		HideSolutionNode = FALSE
	EndGlobalSection
	GlobalSection(ExtensibilityGlobals) = postSolution
		SolutionGuid = {9808186C-07AC-4FAE-998C-409DF09F6C7C}
	EndGlobalSection
EndGlobal
